
Microsoft Visual Studio Solution File, Format Version 12.00
# Visual Studio Version 17
VisualStudioVersion = 17.0.32126.317
MinimumVisualStudioVersion = 10.0.40219.1
Project("{FAE04EC0-301F-11D3-BF4B-00C04F79EFBC}") = "AddressBook", "AddressBook\AddressBook.csproj", "{265274BA-FD99-4F57-86E6-A2EA826A65E5}"
EndProject
Global
	GlobalSection(SolutionConfigurationPlatforms) = preSolution
		Debug|Any CPU = Debug|Any CPU
		Release|Any CPU = Release|Any CPU
	EndGlobalSection
	GlobalSection(ProjectConfigurationPlatforms) = postSolution
		{265274BA-FD99-4F57-86E6-A2EA826A65E5}.Debug|Any CPU.ActiveCfg = Debug|Any CPU
		{265274BA-FD99-4F57-86E6-A2EA826A65E5}.Debug|Any CPU.Build.0 = Debug|Any CPU
		{265274BA-FD99-4F57-86E6-A2EA826A65E5}.Release|Any CPU.ActiveCfg = Release|Any CPU
		{265274BA-FD99-4F57-86E6-A2EA826A65E5}.Release|Any CPU.Build.0 = Release|Any CPU
	EndGlobalSection
	GlobalSection(SolutionProperties) = preSolution
		HideSolutionNode = FALSE
	EndGlobalSection
	GlobalSection(ExtensibilityGlobals) = postSolution
		SolutionGuid = {27643811-BADE-4E74-9009-5BFC467E46FA}
	EndGlobalSection
EndGlobal
